// !$*UTF8*$!
{
	archiveVersion = 1;
	classes = {
	};
	objectVersion = 46;
	objects = {

/* Begin PBXBuildFile section */
		9611A77C1EE8499100F93762 /* AppDelegate.swift in Sources */ = {isa = PBXBuildFile; fileRef = 9611A77B1EE8499100F93762 /* AppDelegate.swift */; };
		9611A77E1EE8499100F93762 /* ViewController.swift in Sources */ = {isa = PBXBuildFile; fileRef = 9611A77D1EE8499100F93762 /* ViewController.swift */; };
		9611A7811EE8499100F93762 /* Main.storyboard in Resources */ = {isa = PBXBuildFile; fileRef = 9611A77F1EE8499100F93762 /* Main.storyboard */; };
		9611A7841EE8499100F93762 /* Synerg_hetic.xcdatamodeld in Sources */ = {isa = PBXBuildFile; fileRef = 9611A7821EE8499100F93762 /* Synerg_hetic.xcdatamodeld */; };
		9611A7861EE8499100F93762 /* Assets.xcassets in Resources */ = {isa = PBXBuildFile; fileRef = 9611A7851EE8499100F93762 /* Assets.xcassets */; };
		9611A7891EE8499100F93762 /* LaunchScreen.storyboard in Resources */ = {isa = PBXBuildFile; fileRef = 9611A7871EE8499100F93762 /* LaunchScreen.storyboard */; };
		9611A7911EE8B51A00F93762 /* SynergProvider.swift in Sources */ = {isa = PBXBuildFile; fileRef = 9611A7901EE8B51A00F93762 /* SynergProvider.swift */; };
/* End PBXBuildFile section */

/* Begin PBXFileReference section */
		9611A7781EE8499100F93762 /* Synerg'hetic.app */ = {isa = PBXFileReference; explicitFileType = wrapper.application; includeInIndex = 0; path = "Synerg'hetic.app"; sourceTree = BUILT_PRODUCTS_DIR; };
		9611A77B1EE8499100F93762 /* AppDelegate.swift */ = {isa = PBXFileReference; lastKnownFileType = sourcecode.swift; path = AppDelegate.swift; sourceTree = "<group>"; };
		9611A77D1EE8499100F93762 /* ViewController.swift */ = {isa = PBXFileReference; lastKnownFileType = sourcecode.swift; path = ViewController.swift; sourceTree = "<group>"; };
		9611A7801EE8499100F93762 /* Base */ = {isa = PBXFileReference; lastKnownFileType = file.storyboard; name = Base; path = Base.lproj/Main.storyboard; sourceTree = "<group>"; };
		9611A7831EE8499100F93762 /* Synerg_hetic.xcdatamodel */ = {isa = PBXFileReference; lastKnownFileType = wrapper.xcdatamodel; path = Synerg_hetic.xcdatamodel; sourceTree = "<group>"; };
		9611A7851EE8499100F93762 /* Assets.xcassets */ = {isa = PBXFileReference; lastKnownFileType = folder.assetcatalog; path = Assets.xcassets; sourceTree = "<group>"; };
		9611A7881EE8499100F93762 /* Base */ = {isa = PBXFileReference; lastKnownFileType = file.storyboard; name = Base; path = Base.lproj/LaunchScreen.storyboard; sourceTree = "<group>"; };
		9611A78A1EE8499100F93762 /* Info.plist */ = {isa = PBXFileReference; lastKnownFileType = text.plist.xml; path = Info.plist; sourceTree = "<group>"; };
		9611A7901EE8B51A00F93762 /* SynergProvider.swift */ = {isa = PBXFileReference; fileEncoding = 4; lastKnownFileType = sourcecode.swift; path = SynergProvider.swift; sourceTree = "<group>"; };
/* End PBXFileReference section */

/* Begin PBXFrameworksBuildPhase section */
		9611A7751EE8499100F93762 /* Frameworks */ = {
			isa = PBXFrameworksBuildPhase;
			buildActionMask = 2147483647;
			files = (
			);
			runOnlyForDeploymentPostprocessing = 0;
		};
/* End PBXFrameworksBuildPhase section */

/* Begin PBXGroup section */
		9611A76F1EE8499100F93762 = {
			isa = PBXGroup;
			children = (
				9611A77A1EE8499100F93762 /* Synerg'hetic */,
				9611A7791EE8499100F93762 /* Products */,
			);
			sourceTree = "<group>";
		};
		9611A7791EE8499100F93762 /* Products */ = {
			isa = PBXGroup;
			children = (
				9611A7781EE8499100F93762 /* Synerg'hetic.app */,
			);
			name = Products;
			sourceTree = "<group>";
		};
		9611A77A1EE8499100F93762 /* Synerg'hetic */ = {
			isa = PBXGroup;
			children = (
				9611A77B1EE8499100F93762 /* AppDelegate.swift */,
				9611A77D1EE8499100F93762 /* ViewController.swift */,
				9611A77F1EE8499100F93762 /* Main.storyboard */,
				9611A7851EE8499100F93762 /* Assets.xcassets */,
				9611A7871EE8499100F93762 /* LaunchScreen.storyboard */,
				9611A78A1EE8499100F93762 /* Info.plist */,
				9611A7821EE8499100F93762 /* Synerg_hetic.xcdatamodeld */,
				9611A7901EE8B51A00F93762 /* SynergProvider.swift */,
			);
			path = "Synerg'hetic";
			sourceTree = "<group>";
		};
/* End PBXGroup section */

/* Begin PBXNativeTarget section */
		9611A7771EE8499100F93762 /* Synerg'hetic */ = {
			isa = PBXNativeTarget;
			buildConfigurationList = 9611A78D1EE8499100F93762 /* Build configuration list for PBXNativeTarget "Synerg'hetic" */;
			buildPhases = (
				9611A7741EE8499100F93762 /* Sources */,
				9611A7751EE8499100F93762 /* Frameworks */,
				9611A7761EE8499100F93762 /* Resources */,
			);
			buildRules = (
			);
			dependencies = (
			);
			name = "Synerg'hetic";
			productName = "Synerg'hetic";
			productReference = 9611A7781EE8499100F93762 /* Synerg'hetic.app */;
			productType = "com.apple.product-type.application";
		};
/* End PBXNativeTarget section */

/* Begin PBXProject section */
		9611A7701EE8499100F93762 /* Project object */ = {
			isa = PBXProject;
			attributes = {
				LastSwiftUpdateCheck = 0830;
				LastUpgradeCheck = 0830;
				ORGANIZATIONNAME = "Synerg'hetic";
				TargetAttributes = {
					9611A7771EE8499100F93762 = {
						CreatedOnToolsVersion = 8.3.3;
						ProvisioningStyle = Automatic;
					};
				};
			};
			buildConfigurationList = 9611A7731EE8499100F93762 /* Build configuration list for PBXProject "Synerg'hetic" */;
			compatibilityVersion = "Xcode 3.2";
			developmentRegion = English;
			hasScannedForEncodings = 0;
			knownRegions = (
				en,
				Base,
			);
			mainGroup = 9611A76F1EE8499100F93762;
			productRefGroup = 9611A7791EE8499100F93762 /* Products */;
			projectDirPath = "";
			projectRoot = "";
			targets = (
				9611A7771EE8499100F93762 /* Synerg'hetic */,
			);
		};
/* End PBXProject section */

/* Begin PBXResourcesBuildPhase section */
		9611A7761EE8499100F93762 /* Resources */ = {
			isa = PBXResourcesBuildPhase;
			buildActionMask = 2147483647;
			files = (
				9611A7891EE8499100F93762 /* LaunchScreen.storyboard in Resources */,
				9611A7861EE8499100F93762 /* Assets.xcassets in Resources */,
				9611A7811EE8499100F93762 /* Main.storyboard in Resources */,
			);
			runOnlyForDeploymentPostprocessing = 0;
		};
/* End PBXResourcesBuildPhase section */

/* Begin PBXSourcesBuildPhase section */
		9611A7741EE8499100F93762 /* Sources */ = {
			isa = PBXSourcesBuildPhase;
			buildActionMask = 2147483647;
			files = (
				9611A77E1EE8499100F93762 /* ViewController.swift in Sources */,
				9611A7841EE8499100F93762 /* Synerg_hetic.xcdatamodeld in Sources */,
				9611A7911EE8B51A00F93762 /* SynergProvider.swift in Sources */,
				9611A77C1EE8499100F93762 /* AppDelegate.swift in Sources */,
			);
			runOnlyForDeploymentPostprocessing = 0;
		};
/* End PBXSourcesBuildPhase section */

/* Begin PBXVariantGroup section */
		9611A77F1EE8499100F93762 /* Main.storyboard */ = {
			isa = PBXVariantGroup;
			children = (
				9611A7801EE8499100F93762 /* Base */,
			);
			name = Main.storyboard;
			sourceTree = "<group>";
		};
		9611A7871EE8499100F93762 /* LaunchScreen.storyboard */ = {
			isa = PBXVariantGroup;
			children = (
				9611A7881EE8499100F93762 /* Base */,
			);
			name = LaunchScreen.storyboard;
			sourceTree = "<group>";
		};
/* End PBXVariantGroup section */

/* Begin XCBuildConfiguration section */
		9611A78B1EE8499100F93762 /* Debug */ = {
			isa = XCBuildConfiguration;
			buildSettings = {
				ALWAYS_SEARCH_USER_PATHS = NO;
				CLANG_ANALYZER_NONNULL = YES;
				CLANG_ANALYZER_NUMBER_OBJECT_CONVERSION = YES_AGGRESSIVE;
				CLANG_CXX_LANGUAGE_STANDARD = "gnu++0x";
				CLANG_CXX_LIBRARY = "libc++";
				CLANG_ENABLE_MODULES = YES;
				CLANG_ENABLE_OBJC_ARC = YES;
				CLANG_WARN_BOOL_CONVERSION = YES;
				CLANG_WARN_CONSTANT_CONVERSION = YES;
				CLANG_WARN_DIRECT_OBJC_ISA_USAGE = YES_ERROR;
				CLANG_WARN_DOCUMENTATION_COMMENTS = YES;
				CLANG_WARN_EMPTY_BODY = YES;
				CLANG_WARN_ENUM_CONVERSION = YES;
				CLANG_WARN_INFINITE_RECURSION = YES;
				CLANG_WARN_INT_CONVERSION = YES;
				CLANG_WARN_OBJC_ROOT_CLASS = YES_ERROR;
				CLANG_WARN_SUSPICIOUS_MOVE = YES;
				CLANG_WARN_UNREACHABLE_CODE = YES;
				CLANG_WARN__DUPLICATE_METHOD_MATCH = YES;
				"CODE_SIGN_IDENTITY[sdk=iphoneos*]" = "iPhone Developer";
				COPY_PHASE_STRIP = NO;
				DEBUG_INFORMATION_FORMAT = dwarf;
				ENABLE_STRICT_OBJC_MSGSEND = YES;
				ENABLE_TESTABILITY = YES;
				GCC_C_LANGUAGE_STANDARD = gnu99;
				GCC_DYNAMIC_NO_PIC = NO;
				GCC_NO_COMMON_BLOCKS = YES;
				GCC_OPTIMIZATION_LEVEL = 0;
				GCC_PREPROCESSOR_DEFINITIONS = (
					"DEBUG=1",
					"$(inherited)",
				);
				GCC_WARN_64_TO_32_BIT_CONVERSION = YES;
				GCC_WARN_ABOUT_RETURN_TYPE = YES_ERROR;
				GCC_WARN_UNDECLARED_SELECTOR = YES;
				GCC_WARN_UNINITIALIZED_AUTOS = YES_AGGRESSIVE;
				GCC_WARN_UNUSED_FUNCTION = YES;
				GCC_WARN_UNUSED_VARIABLE = YES;
				IPHONEOS_DEPLOYMENT_TARGET = 10.3;
				MTL_ENABLE_DEBUG_INFO = YES;
				ONLY_ACTIVE_ARCH = YES;
				SDKROOT = iphoneos;
				SWIFT_ACTIVE_COMPILATION_CONDITIONS = DEBUG;
				SWIFT_OPTIMIZATION_LEVEL = "-Onone";
			};
			name = Debug;
		};
		9611A78C1EE8499100F93762 /* Release */ = {
			isa = XCBuildConfiguration;
			buildSettings = {
				ALWAYS_SEARCH_USER_PATHS = NO;
				CLANG_ANALYZER_NONNULL = YES;
				CLANG_ANALYZER_NUMBER_OBJECT_CONVERSION = YES_AGGRESSIVE;
				CLANG_CXX_LANGUAGE_STANDARD = "gnu++0x";
				CLANG_CXX_LIBRARY = "libc++";
				CLANG_ENABLE_MODULES = YES;
				CLANG_ENABLE_OBJC_ARC = YES;
				CLANG_WARN_BOOL_CONVERSION = YES;
				CLANG_WARN_CONSTANT_CONVERSION = YES;
				CLANG_WARN_DIRECT_OBJC_ISA_USAGE = YES_ERROR;
				CLANG_WARN_DOCUMENTATION_COMMENTS = YES;
				CLANG_WARN_EMPTY_BODY = YES;
				CLANG_WARN_ENUM_CONVERSION = YES;
				CLANG_WARN_INFINITE_RECURSION = YES;
				CLANG_WARN_INT_CONVERSION = YES;
				CLANG_WARN_OBJC_ROOT_CLASS = YES_ERROR;
				CLANG_WARN_SUSPICIOUS_MOVE = YES;
				CLANG_WARN_UNREACHABLE_CODE = YES;
				CLANG_WARN__DUPLICATE_METHOD_MATCH = YES;
				"CODE_SIGN_IDENTITY[sdk=iphoneos*]" = "iPhone Developer";
				COPY_PHASE_STRIP = NO;
				DEBUG_INFORMATION_FORMAT = "dwarf-with-dsym";
				ENABLE_NS_ASSERTIONS = NO;
				ENABLE_STRICT_OBJC_MSGSEND = YES;
				GCC_C_LANGUAGE_STANDARD = gnu99;
				GCC_NO_COMMON_BLOCKS = YES;
				GCC_WARN_64_TO_32_BIT_CONVERSION = YES;
				GCC_WARN_ABOUT_RETURN_TYPE = YES_ERROR;
				GCC_WARN_UNDECLARED_SELECTOR = YES;
				GCC_WARN_UNINITIALIZED_AUTOS = YES_AGGRESSIVE;
				GCC_WARN_UNUSED_FUNCTION = YES;
				GCC_WARN_UNUSED_VARIABLE = YES;
				IPHONEOS_DEPLOYMENT_TARGET = 10.3;
				MTL_ENABLE_DEBUG_INFO = NO;
				SDKROOT = iphoneos;
				SWIFT_OPTIMIZATION_LEVEL = "-Owholemodule";
				VALIDATE_PRODUCT = YES;
			};
			name = Release;
		};
		9611A78E1EE8499100F93762 /* Debug */ = {
			isa = XCBuildConfiguration;
			buildSettings = {
				ASSETCATALOG_COMPILER_APPICON_NAME = AppIcon;
				INFOPLIST_FILE = "Synerg'hetic/Info.plist";
				LD_RUNPATH_SEARCH_PATHS = "$(inherited) @executable_path/Frameworks";
				PRODUCT_BUNDLE_IDENTIFIER = "com.synerghetic.Synerg-hetic";
				PRODUCT_NAME = "$(TARGET_NAME)";
				SWIFT_VERSION = 3.0;
			};
			name = Debug;
		};
		9611A78F1EE8499100F93762 /* Release */ = {
			isa = XCBuildConfiguration;
			buildSettings = {
				ASSETCATALOG_COMPILER_APPICON_NAME = AppIcon;
				INFOPLIST_FILE = "Synerg'hetic/Info.plist";
				LD_RUNPATH_SEARCH_PATHS = "$(inherited) @executable_path/Frameworks";
				PRODUCT_BUNDLE_IDENTIFIER = "com.synerghetic.Synerg-hetic";
				PRODUCT_NAME = "$(TARGET_NAME)";
				SWIFT_VERSION = 3.0;
			};
			name = Release;
		};
/* End XCBuildConfiguration section */

/* Begin XCConfigurationList section */
		9611A7731EE8499100F93762 /* Build configuration list for PBXProject "Synerg'hetic" */ = {
			isa = XCConfigurationList;
			buildConfigurations = (
				9611A78B1EE8499100F93762 /* Debug */,
				9611A78C1EE8499100F93762 /* Release */,
			);
			defaultConfigurationIsVisible = 0;
			defaultConfigurationName = Release;
		};
		9611A78D1EE8499100F93762 /* Build configuration list for PBXNativeTarget "Synerg'hetic" */ = {
			isa = XCConfigurationList;
			buildConfigurations = (
				9611A78E1EE8499100F93762 /* Debug */,
				9611A78F1EE8499100F93762 /* Release */,
			);
			defaultConfigurationIsVisible = 0;
		};
/* End XCConfigurationList section */

/* Begin XCVersionGroup section */
		9611A7821EE8499100F93762 /* Synerg_hetic.xcdatamodeld */ = {
			isa = XCVersionGroup;
			children = (
				9611A7831EE8499100F93762 /* Synerg_hetic.xcdatamodel */,
			);
			currentVersion = 9611A7831EE8499100F93762 /* Synerg_hetic.xcdatamodel */;
			path = Synerg_hetic.xcdatamodeld;
			sourceTree = "<group>";
			versionGroupType = wrapper.xcdatamodel;
		};
/* End XCVersionGroup section */
	};
	rootObject = 9611A7701EE8499100F93762 /* Project object */;
}
